<?xml version="1.0" encoding="UTF-8"?>
<Scheme LastUpgradeVersion="2660" version="1.7">
   <BuildAction parallelizeBuildables="YES" buildImplicitDependencies="YES" buildArchitectures="Automatic">
      <BuildActionEntries>
         <BuildActionEntry buildForTesting="YES" buildForRunning="YES" buildForProfiling="YES" buildForArchiving="YES" buildForAnalyzing="YES">
            <BuildableReference BuildableIdentifier="primary" BlueprintIdentifier="E10000000000000000000001" BuildableName="SmartCart.app" BlueprintName="SmartCart" ReferencedContainer="container:SmartCart.xcodeproj"/>
         </BuildActionEntry>
         <BuildActionEntry buildForTesting="YES" buildForRunning="NO" buildForProfiling="NO" buildForArchiving="NO" buildForAnalyzing="YES">
            <BuildableReference BuildableIdentifier="primary" BlueprintIdentifier="E20000000000000000000001" BuildableName="SmartCartTests.xctest" BlueprintName="SmartCartTests" ReferencedContainer="container:SmartCart.xcodeproj"/>
         </BuildActionEntry>
      </BuildActionEntries>
   </BuildAction>
   <TestAction buildConfiguration="Debug" selectedDebuggerIdentifier="Xcode.DebuggerFoundation.Debugger.LLDB" selectedLauncherIdentifier="Xcode.DebuggerFoundation.Launcher.LLDB" shouldUseLaunchSchemeArgsEnv="YES" shouldAutocreateTestPlan="YES">
      <Testables>
         <TestableReference skipped="NO" parallelizable="NO">
            <BuildableReference BuildableIdentifier="primary" BlueprintIdentifier="E20000000000000000000001" BuildableName="SmartCartTests.xctest" BlueprintName="SmartCartTests" ReferencedContainer="container:SmartCart.xcodeproj"/>
         </TestableReference>
      </Testables>
   </TestAction>
   <LaunchAction buildConfiguration="Release-SolariBeta" selectedDebuggerIdentifier="Xcode.DebuggerFoundation.Debugger.LLDB" selectedLauncherIdentifier="Xcode.DebuggerFoundation.Launcher.LLDB" launchStyle="0" useCustomWorkingDirectory="NO" ignoresPersistentStateOnLaunch="NO" debugDocumentVersioning="YES" debugServiceExtension="internal" allowLocationSimulation="YES">
      <BuildableProductRunnable runnableDebuggingMode="0">
         <BuildableReference BuildableIdentifier="primary" BlueprintIdentifier="E10000000000000000000001" BuildableName="SmartCart.app" BlueprintName="SmartCart" ReferencedContainer="container:SmartCart.xcodeproj"/>
      </BuildableProductRunnable>
   </LaunchAction>
   <ProfileAction buildConfiguration="Release-SolariBeta" shouldUseLaunchSchemeArgsEnv="YES" savedToolIdentifier="" useCustomWorkingDirectory="NO" debugDocumentVersioning="YES">
      <BuildableProductRunnable runnableDebuggingMode="0">
         <BuildableReference BuildableIdentifier="primary" BlueprintIdentifier="E10000000000000000000001" BuildableName="SmartCart.app" BlueprintName="SmartCart" ReferencedContainer="container:SmartCart.xcodeproj"/>
      </BuildableProductRunnable>
   </ProfileAction>
   <AnalyzeAction buildConfiguration="Release-SolariBeta"/>
   <ArchiveAction buildConfiguration="Release-SolariBeta" revealArchiveInOrganizer="YES"/>
</Scheme>
